{
	"name": "ngx-xlf-xlsx",
	"version": "0.2.0-0",
	"lockfileVersion": 3,
	"requires": true,
	"packages": {
		"": {
			"name": "ngx-xlf-xlsx",
			"version": "0.2.0-0",
			"cpu": [
				"x64",
				"ia32"
			],
			"license": "MIT",
			"os": [
				"win32"
			],
			"bin": {
				"ngx-xlf-xlsx": "dist/ngx-xlf-xlsx.exe"
			}
		}
	}
}
